{
    "_readme": [
        "This file locks the dependencies of your project to a known state",
        "Read more about it at https://getcomposer.org/doc/01-basic-usage.md#installing-dependencies",
        "This file is @generated automatically"
    ],
    "content-hash": "ea3f843f2284804c4584713b96a37f42",
    "packages": [
        {
            "name": "petersil98/thresh",
            "version": "dev-master",
            "source": {
                "type": "git",
                "url": "https://github.com/Petersil1998/Thresh.git",
                "reference": "22a8e91eceb6792c038e1411594e024ba375920d"
            },
            "dist": {
                "type": "zip",
                "url": "https://api.github.com/repos/Petersil1998/Thresh/zipball/22a8e91eceb6792c038e1411594e024ba375920d",
                "reference": "22a8e91eceb6792c038e1411594e024ba375920d",
                "shasum": ""
            },
            "require": {
                "ext-curl": "*",
                "ext-gd": "*",
                "ext-json": "*",
                "ext-openssl": "*"
            },
            "type": "library",
            "autoload": {
                "psr-4": {
                    "Thresh\\": "src/"
                }
            },
            "notification-url": "https://packagist.org/downloads/",
            "authors": [
                {
                    "name": "Peter Silbernagl"
                }
            ],
            "description": "This is a library, that takes over the communication with the riot games API and provides the filled Objects",
            "time": "2020-08-31T18:32:57+00:00"
        }
    ],
    "packages-dev": [],
    "aliases": [],
    "minimum-stability": "stable",
    "stability-flags": {
        "petersil98/thresh": 20
    },
    "prefer-stable": false,
    "prefer-lowest": false,
    "platform": {
        "ext-json": "*",
        "ext-curl": "*"
    },
    "platform-dev": []
}
